// !$*UTF8*$!
{
	archiveVersion = 1;
	classes = {
	};
	objectVersion = 50;
	objects = {

/* Begin PBXBuildFile section */
		C01565CE221E2DBB000D9238 /* CardTemplate.swift in Sources */ = {isa = PBXBuildFile; fileRef = C01565CD221E2DBB000D9238 /* CardTemplate.swift */; };
		C01565D0221E2DEA000D9238 /* dominionCardDeck.swift in Sources */ = {isa = PBXBuildFile; fileRef = C01565CF221E2DEA000D9238 /* dominionCardDeck.swift */; };
		C0423931223F2A1C00E37E16 /* prosperityCardDeck.swift in Sources */ = {isa = PBXBuildFile; fileRef = C0423930223F2A1C00E37E16 /* prosperityCardDeck.swift */; };
		C042393B2245658B00E37E16 /* SettingsController.swift in Sources */ = {isa = PBXBuildFile; fileRef = C042393A2245658B00E37E16 /* SettingsController.swift */; };
		C042393D2245788900E37E16 /* allDecks.swift in Sources */ = {isa = PBXBuildFile; fileRef = C042393C2245788900E37E16 /* allDecks.swift */; };
		C042393F22469F7F00E37E16 /* SettingsData.swift in Sources */ = {isa = PBXBuildFile; fileRef = C042393E22469F7F00E37E16 /* SettingsData.swift */; };
		C0E8DFD6225D1085008671C0 /* ExpansionsController.swift in Sources */ = {isa = PBXBuildFile; fileRef = C0E8DFD5225D1085008671C0 /* ExpansionsController.swift */; };
		C0E8DFD8225D1536008671C0 /* intrigueCardDeck.swift in Sources */ = {isa = PBXBuildFile; fileRef = C0E8DFD7225D1536008671C0 /* intrigueCardDeck.swift */; };
		C0EE9879221BA5C300999D7E /* AppDelegate.swift in Sources */ = {isa = PBXBuildFile; fileRef = C0EE9878221BA5C300999D7E /* AppDelegate.swift */; };
		C0EE987B221BA5C300999D7E /* ViewController.swift in Sources */ = {isa = PBXBuildFile; fileRef = C0EE987A221BA5C300999D7E /* ViewController.swift */; };
		C0EE987E221BA5C300999D7E /* Main.storyboard in Resources */ = {isa = PBXBuildFile; fileRef = C0EE987C221BA5C300999D7E /* Main.storyboard */; };
		C0EE9880221BA5C400999D7E /* Assets.xcassets in Resources */ = {isa = PBXBuildFile; fileRef = C0EE987F221BA5C400999D7E /* Assets.xcassets */; };
		C0EE9883221BA5C400999D7E /* LaunchScreen.storyboard in Resources */ = {isa = PBXBuildFile; fileRef = C0EE9881221BA5C400999D7E /* LaunchScreen.storyboard */; };
		C0EE988B221BA71200999D7E /* CardRandomizer.swift in Sources */ = {isa = PBXBuildFile; fileRef = C0EE988A221BA71200999D7E /* CardRandomizer.swift */; };
		C0EE988F221DDA8D00999D7E /* randomColorProvider.swift in Sources */ = {isa = PBXBuildFile; fileRef = C0EE988E221DDA8D00999D7E /* randomColorProvider.swift */; };
/* End PBXBuildFile section */

/* Begin PBXFileReference section */
		C01565CD221E2DBB000D9238 /* CardTemplate.swift */ = {isa = PBXFileReference; lastKnownFileType = sourcecode.swift; path = CardTemplate.swift; sourceTree = "<group>"; };
		C01565CF221E2DEA000D9238 /* dominionCardDeck.swift */ = {isa = PBXFileReference; lastKnownFileType = sourcecode.swift; path = dominionCardDeck.swift; sourceTree = "<group>"; };
		C0423930223F2A1C00E37E16 /* prosperityCardDeck.swift */ = {isa = PBXFileReference; lastKnownFileType = sourcecode.swift; path = prosperityCardDeck.swift; sourceTree = "<group>"; };
		C042393A2245658B00E37E16 /* SettingsController.swift */ = {isa = PBXFileReference; lastKnownFileType = sourcecode.swift; path = SettingsController.swift; sourceTree = "<group>"; };
		C042393C2245788900E37E16 /* allDecks.swift */ = {isa = PBXFileReference; lastKnownFileType = sourcecode.swift; path = allDecks.swift; sourceTree = "<group>"; };
		C042393E22469F7F00E37E16 /* SettingsData.swift */ = {isa = PBXFileReference; lastKnownFileType = sourcecode.swift; path = SettingsData.swift; sourceTree = "<group>"; };
		C0E8DFD5225D1085008671C0 /* ExpansionsController.swift */ = {isa = PBXFileReference; lastKnownFileType = sourcecode.swift; path = ExpansionsController.swift; sourceTree = "<group>"; };
		C0E8DFD7225D1536008671C0 /* intrigueCardDeck.swift */ = {isa = PBXFileReference; lastKnownFileType = sourcecode.swift; path = intrigueCardDeck.swift; sourceTree = "<group>"; };
		C0EE9875221BA5C300999D7E /* DominionCardRandomizer.app */ = {isa = PBXFileReference; explicitFileType = wrapper.application; includeInIndex = 0; path = DominionCardRandomizer.app; sourceTree = BUILT_PRODUCTS_DIR; };
		C0EE9878221BA5C300999D7E /* AppDelegate.swift */ = {isa = PBXFileReference; lastKnownFileType = sourcecode.swift; path = AppDelegate.swift; sourceTree = "<group>"; };
		C0EE987A221BA5C300999D7E /* ViewController.swift */ = {isa = PBXFileReference; lastKnownFileType = sourcecode.swift; path = ViewController.swift; sourceTree = "<group>"; };
		C0EE987D221BA5C300999D7E /* Base */ = {isa = PBXFileReference; lastKnownFileType = file.storyboard; name = Base; path = Base.lproj/Main.storyboard; sourceTree = "<group>"; };
		C0EE987F221BA5C400999D7E /* Assets.xcassets */ = {isa = PBXFileReference; lastKnownFileType = folder.assetcatalog; path = Assets.xcassets; sourceTree = "<group>"; };
		C0EE9882221BA5C400999D7E /* Base */ = {isa = PBXFileReference; lastKnownFileType = file.storyboard; name = Base; path = Base.lproj/LaunchScreen.storyboard; sourceTree = "<group>"; };
		C0EE9884221BA5C400999D7E /* Info.plist */ = {isa = PBXFileReference; lastKnownFileType = text.plist.xml; path = Info.plist; sourceTree = "<group>"; };
		C0EE988A221BA71200999D7E /* CardRandomizer.swift */ = {isa = PBXFileReference; lastKnownFileType = sourcecode.swift; path = CardRandomizer.swift; sourceTree = "<group>"; };
		C0EE988E221DDA8D00999D7E /* randomColorProvider.swift */ = {isa = PBXFileReference; lastKnownFileType = sourcecode.swift; path = randomColorProvider.swift; sourceTree = "<group>"; };
/* End PBXFileReference section */

/* Begin PBXFrameworksBuildPhase section */
		C0EE9872221BA5C300999D7E /* Frameworks */ = {
			isa = PBXFrameworksBuildPhase;
			buildActionMask = 2147483647;
			files = (
			);
			runOnlyForDeploymentPostprocessing = 0;
		};
/* End PBXFrameworksBuildPhase section */

/* Begin PBXGroup section */
		C0EE986C221BA5C300999D7E = {
			isa = PBXGroup;
			children = (
				C0EE9877221BA5C300999D7E /* DominionCardRandomizer */,
				C0EE9876221BA5C300999D7E /* Products */,
			);
			sourceTree = "<group>";
		};
		C0EE9876221BA5C300999D7E /* Products */ = {
			isa = PBXGroup;
			children = (
				C0EE9875221BA5C300999D7E /* DominionCardRandomizer.app */,
			);
			name = Products;
			sourceTree = "<group>";
		};
		C0EE9877221BA5C300999D7E /* DominionCardRandomizer */ = {
			isa = PBXGroup;
			children = (
				C0EE9878221BA5C300999D7E /* AppDelegate.swift */,
				C0EE987A221BA5C300999D7E /* ViewController.swift */,
				C0E8DFD5225D1085008671C0 /* ExpansionsController.swift */,
				C042393A2245658B00E37E16 /* SettingsController.swift */,
				C042393E22469F7F00E37E16 /* SettingsData.swift */,
				C0EE988E221DDA8D00999D7E /* randomColorProvider.swift */,
				C0EE988A221BA71200999D7E /* CardRandomizer.swift */,
				C01565CD221E2DBB000D9238 /* CardTemplate.swift */,
				C0EE9881221BA5C400999D7E /* LaunchScreen.storyboard */,
				C0EE987C221BA5C300999D7E /* Main.storyboard */,
				C01565CF221E2DEA000D9238 /* dominionCardDeck.swift */,
				C0423930223F2A1C00E37E16 /* prosperityCardDeck.swift */,
				C0E8DFD7225D1536008671C0 /* intrigueCardDeck.swift */,
				C042393C2245788900E37E16 /* allDecks.swift */,
				C0EE987F221BA5C400999D7E /* Assets.xcassets */,
				C0EE9884221BA5C400999D7E /* Info.plist */,
			);
			path = DominionCardRandomizer;
			sourceTree = "<group>";
		};
/* End PBXGroup section */

/* Begin PBXNativeTarget section */
		C0EE9874221BA5C300999D7E /* DominionCardRandomizer */ = {
			isa = PBXNativeTarget;
			buildConfigurationList = C0EE9887221BA5C400999D7E /* Build configuration list for PBXNativeTarget "DominionCardRandomizer" */;
			buildPhases = (
				C0EE9871221BA5C300999D7E /* Sources */,
				C0EE9872221BA5C300999D7E /* Frameworks */,
				C0EE9873221BA5C300999D7E /* Resources */,
			);
			buildRules = (
			);
			dependencies = (
			);
			name = DominionCardRandomizer;
			productName = DominionCardRandomizer;
			productReference = C0EE9875221BA5C300999D7E /* DominionCardRandomizer.app */;
			productType = "com.apple.product-type.application";
		};
/* End PBXNativeTarget section */

/* Begin PBXProject section */
		C0EE986D221BA5C300999D7E /* Project object */ = {
			isa = PBXProject;
			attributes = {
				LastSwiftUpdateCheck = 1010;
				LastUpgradeCheck = 1010;
				ORGANIZATIONNAME = morse;
				TargetAttributes = {
					C0EE9874221BA5C300999D7E = {
						CreatedOnToolsVersion = 10.1;
						LastSwiftMigration = 1020;
					};
				};
			};
			buildConfigurationList = C0EE9870221BA5C300999D7E /* Build configuration list for PBXProject "DominionCardRandomizer" */;
			compatibilityVersion = "Xcode 9.3";
			developmentRegion = en;
			hasScannedForEncodings = 0;
			knownRegions = (
				en,
				Base,
			);
			mainGroup = C0EE986C221BA5C300999D7E;
			productRefGroup = C0EE9876221BA5C300999D7E /* Products */;
			projectDirPath = "";
			projectRoot = "";
			targets = (
				C0EE9874221BA5C300999D7E /* DominionCardRandomizer */,
			);
		};
/* End PBXProject section */

/* Begin PBXResourcesBuildPhase section */
		C0EE9873221BA5C300999D7E /* Resources */ = {
			isa = PBXResourcesBuildPhase;
			buildActionMask = 2147483647;
			files = (
				C0EE9883221BA5C400999D7E /* LaunchScreen.storyboard in Resources */,
				C0EE9880221BA5C400999D7E /* Assets.xcassets in Resources */,
				C0EE987E221BA5C300999D7E /* Main.storyboard in Resources */,
			);
			runOnlyForDeploymentPostprocessing = 0;
		};
/* End PBXResourcesBuildPhase section */

/* Begin PBXSourcesBuildPhase section */
		C0EE9871221BA5C300999D7E /* Sources */ = {
			isa = PBXSourcesBuildPhase;
			buildActionMask = 2147483647;
			files = (
				C042393B2245658B00E37E16 /* SettingsController.swift in Sources */,
				C0E8DFD8225D1536008671C0 /* intrigueCardDeck.swift in Sources */,
				C0EE988B221BA71200999D7E /* CardRandomizer.swift in Sources */,
				C042393F22469F7F00E37E16 /* SettingsData.swift in Sources */,
				C0EE987B221BA5C300999D7E /* ViewController.swift in Sources */,
				C042393D2245788900E37E16 /* allDecks.swift in Sources */,
				C0E8DFD6225D1085008671C0 /* ExpansionsController.swift in Sources */,
				C0EE9879221BA5C300999D7E /* AppDelegate.swift in Sources */,
				C0EE988F221DDA8D00999D7E /* randomColorProvider.swift in Sources */,
				C01565CE221E2DBB000D9238 /* CardTemplate.swift in Sources */,
				C01565D0221E2DEA000D9238 /* dominionCardDeck.swift in Sources */,
				C0423931223F2A1C00E37E16 /* prosperityCardDeck.swift in Sources */,
			);
			runOnlyForDeploymentPostprocessing = 0;
		};
/* End PBXSourcesBuildPhase section */

/* Begin PBXVariantGroup section */
		C0EE987C221BA5C300999D7E /* Main.storyboard */ = {
			isa = PBXVariantGroup;
			children = (
				C0EE987D221BA5C300999D7E /* Base */,
			);
			name = Main.storyboard;
			sourceTree = "<group>";
		};
		C0EE9881221BA5C400999D7E /* LaunchScreen.storyboard */ = {
			isa = PBXVariantGroup;
			children = (
				C0EE9882221BA5C400999D7E /* Base */,
			);
			name = LaunchScreen.storyboard;
			sourceTree = "<group>";
		};
/* End PBXVariantGroup section */

/* Begin XCBuildConfiguration section */
		C0EE9885221BA5C400999D7E /* Debug */ = {
			isa = XCBuildConfiguration;
			buildSettings = {
				ALWAYS_SEARCH_USER_PATHS = NO;
				CLANG_ANALYZER_NONNULL = YES;
				CLANG_ANALYZER_NUMBER_OBJECT_CONVERSION = YES_AGGRESSIVE;
				CLANG_CXX_LANGUAGE_STANDARD = "gnu++14";
				CLANG_CXX_LIBRARY = "libc++";
				CLANG_ENABLE_MODULES = YES;
				CLANG_ENABLE_OBJC_ARC = YES;
				CLANG_ENABLE_OBJC_WEAK = YES;
				CLANG_WARN_BLOCK_CAPTURE_AUTORELEASING = YES;
				CLANG_WARN_BOOL_CONVERSION = YES;
				CLANG_WARN_COMMA = YES;
				CLANG_WARN_CONSTANT_CONVERSION = YES;
				CLANG_WARN_DEPRECATED_OBJC_IMPLEMENTATIONS = YES;
				CLANG_WARN_DIRECT_OBJC_ISA_USAGE = YES_ERROR;
				CLANG_WARN_DOCUMENTATION_COMMENTS = YES;
				CLANG_WARN_EMPTY_BODY = YES;
				CLANG_WARN_ENUM_CONVERSION = YES;
				CLANG_WARN_INFINITE_RECURSION = YES;
				CLANG_WARN_INT_CONVERSION = YES;
				CLANG_WARN_NON_LITERAL_NULL_CONVERSION = YES;
				CLANG_WARN_OBJC_IMPLICIT_RETAIN_SELF = YES;
				CLANG_WARN_OBJC_LITERAL_CONVERSION = YES;
				CLANG_WARN_OBJC_ROOT_CLASS = YES_ERROR;
				CLANG_WARN_RANGE_LOOP_ANALYSIS = YES;
				CLANG_WARN_STRICT_PROTOTYPES = YES;
				CLANG_WARN_SUSPICIOUS_MOVE = YES;
				CLANG_WARN_UNGUARDED_AVAILABILITY = YES_AGGRESSIVE;
				CLANG_WARN_UNREACHABLE_CODE = YES;
				CLANG_WARN__DUPLICATE_METHOD_MATCH = YES;
				CODE_SIGN_IDENTITY = "iPhone Developer";
				COPY_PHASE_STRIP = NO;
				DEBUG_INFORMATION_FORMAT = dwarf;
				ENABLE_STRICT_OBJC_MSGSEND = YES;
				ENABLE_TESTABILITY = YES;
				GCC_C_LANGUAGE_STANDARD = gnu11;
				GCC_DYNAMIC_NO_PIC = NO;
				GCC_NO_COMMON_BLOCKS = YES;
				GCC_OPTIMIZATION_LEVEL = 0;
				GCC_PREPROCESSOR_DEFINITIONS = (
					"DEBUG=1",
					"$(inherited)",
				);
				GCC_WARN_64_TO_32_BIT_CONVERSION = YES;
				GCC_WARN_ABOUT_RETURN_TYPE = YES_ERROR;
				GCC_WARN_UNDECLARED_SELECTOR = YES;
				GCC_WARN_UNINITIALIZED_AUTOS = YES_AGGRESSIVE;
				GCC_WARN_UNUSED_FUNCTION = YES;
				GCC_WARN_UNUSED_VARIABLE = YES;
				IPHONEOS_DEPLOYMENT_TARGET = 12.1;
				MTL_ENABLE_DEBUG_INFO = INCLUDE_SOURCE;
				MTL_FAST_MATH = YES;
				ONLY_ACTIVE_ARCH = YES;
				SDKROOT = iphoneos;
				SWIFT_ACTIVE_COMPILATION_CONDITIONS = DEBUG;
				SWIFT_OPTIMIZATION_LEVEL = "-Onone";
			};
			name = Debug;
		};
		C0EE9886221BA5C400999D7E /* Release */ = {
			isa = XCBuildConfiguration;
			buildSettings = {
				ALWAYS_SEARCH_USER_PATHS = NO;
				CLANG_ANALYZER_NONNULL = YES;
				CLANG_ANALYZER_NUMBER_OBJECT_CONVERSION = YES_AGGRESSIVE;
				CLANG_CXX_LANGUAGE_STANDARD = "gnu++14";
				CLANG_CXX_LIBRARY = "libc++";
				CLANG_ENABLE_MODULES = YES;
				CLANG_ENABLE_OBJC_ARC = YES;
				CLANG_ENABLE_OBJC_WEAK = YES;
				CLANG_WARN_BLOCK_CAPTURE_AUTORELEASING = YES;
				CLANG_WARN_BOOL_CONVERSION = YES;
				CLANG_WARN_COMMA = YES;
				CLANG_WARN_CONSTANT_CONVERSION = YES;
				CLANG_WARN_DEPRECATED_OBJC_IMPLEMENTATIONS = YES;
				CLANG_WARN_DIRECT_OBJC_ISA_USAGE = YES_ERROR;
				CLANG_WARN_DOCUMENTATION_COMMENTS = YES;
				CLANG_WARN_EMPTY_BODY = YES;
				CLANG_WARN_ENUM_CONVERSION = YES;
				CLANG_WARN_INFINITE_RECURSION = YES;
				CLANG_WARN_INT_CONVERSION = YES;
				CLANG_WARN_NON_LITERAL_NULL_CONVERSION = YES;
				CLANG_WARN_OBJC_IMPLICIT_RETAIN_SELF = YES;
				CLANG_WARN_OBJC_LITERAL_CONVERSION = YES;
				CLANG_WARN_OBJC_ROOT_CLASS = YES_ERROR;
				CLANG_WARN_RANGE_LOOP_ANALYSIS = YES;
				CLANG_WARN_STRICT_PROTOTYPES = YES;
				CLANG_WARN_SUSPICIOUS_MOVE = YES;
				CLANG_WARN_UNGUARDED_AVAILABILITY = YES_AGGRESSIVE;
				CLANG_WARN_UNREACHABLE_CODE = YES;
				CLANG_WARN__DUPLICATE_METHOD_MATCH = YES;
				CODE_SIGN_IDENTITY = "iPhone Developer";
				COPY_PHASE_STRIP = NO;
				DEBUG_INFORMATION_FORMAT = "dwarf-with-dsym";
				ENABLE_NS_ASSERTIONS = NO;
				ENABLE_STRICT_OBJC_MSGSEND = YES;
				GCC_C_LANGUAGE_STANDARD = gnu11;
				GCC_NO_COMMON_BLOCKS = YES;
				GCC_WARN_64_TO_32_BIT_CONVERSION = YES;
				GCC_WARN_ABOUT_RETURN_TYPE = YES_ERROR;
				GCC_WARN_UNDECLARED_SELECTOR = YES;
				GCC_WARN_UNINITIALIZED_AUTOS = YES_AGGRESSIVE;
				GCC_WARN_UNUSED_FUNCTION = YES;
				GCC_WARN_UNUSED_VARIABLE = YES;
				IPHONEOS_DEPLOYMENT_TARGET = 12.1;
				MTL_ENABLE_DEBUG_INFO = NO;
				MTL_FAST_MATH = YES;
				SDKROOT = iphoneos;
				SWIFT_COMPILATION_MODE = wholemodule;
				SWIFT_OPTIMIZATION_LEVEL = "-O";
				VALIDATE_PRODUCT = YES;
			};
			name = Release;
		};
		C0EE9888221BA5C400999D7E /* Debug */ = {
			isa = XCBuildConfiguration;
			buildSettings = {
				ASSETCATALOG_COMPILER_APPICON_NAME = AppIcon;
				CODE_SIGN_STYLE = Automatic;
				DEVELOPMENT_TEAM = 452VS5LHDK;
				INFOPLIST_FILE = DominionCardRandomizer/Info.plist;
				LD_RUNPATH_SEARCH_PATHS = (
					"$(inherited)",
					"@executable_path/Frameworks",
				);
				PRODUCT_BUNDLE_IDENTIFIER = github.io.emeraldgatewaysolutions.dominionAssistant;
				PRODUCT_NAME = "$(TARGET_NAME)";
				SWIFT_VERSION = 5.0;
				TARGETED_DEVICE_FAMILY = "1,2";
			};
			name = Debug;
		};
		C0EE9889221BA5C400999D7E /* Release */ = {
			isa = XCBuildConfiguration;
			buildSettings = {
				ASSETCATALOG_COMPILER_APPICON_NAME = AppIcon;
				CODE_SIGN_STYLE = Automatic;
				DEVELOPMENT_TEAM = 452VS5LHDK;
				INFOPLIST_FILE = DominionCardRandomizer/Info.plist;
				LD_RUNPATH_SEARCH_PATHS = (
					"$(inherited)",
					"@executable_path/Frameworks",
				);
				PRODUCT_BUNDLE_IDENTIFIER = github.io.emeraldgatewaysolutions.dominionAssistant;
				PRODUCT_NAME = "$(TARGET_NAME)";
				SWIFT_VERSION = 5.0;
				TARGETED_DEVICE_FAMILY = "1,2";
			};
			name = Release;
		};
/* End XCBuildConfiguration section */

/* Begin XCConfigurationList section */
		C0EE9870221BA5C300999D7E /* Build configuration list for PBXProject "DominionCardRandomizer" */ = {
			isa = XCConfigurationList;
			buildConfigurations = (
				C0EE9885221BA5C400999D7E /* Debug */,
				C0EE9886221BA5C400999D7E /* Release */,
			);
			defaultConfigurationIsVisible = 0;
			defaultConfigurationName = Release;
		};
		C0EE9887221BA5C400999D7E /* Build configuration list for PBXNativeTarget "DominionCardRandomizer" */ = {
			isa = XCConfigurationList;
			buildConfigurations = (
				C0EE9888221BA5C400999D7E /* Debug */,
				C0EE9889221BA5C400999D7E /* Release */,
			);
			defaultConfigurationIsVisible = 0;
			defaultConfigurationName = Release;
		};
/* End XCConfigurationList section */
	};
	rootObject = C0EE986D221BA5C300999D7E /* Project object */;
}
